# This file is automatically @generated by Cargo.
# It is not intended for manual editing.
version = 4

[[package]]
name = "fifth_planet"
version = "0.1.0"
dependencies = [
 "sh2",
]

[[package]]
name = "saturn"
version = "0.1.0"
dependencies = [
 "sh2",
]

[[package]]
name = "sh2"
version = "0.1.0"
